
Microsoft Visual Studio Solution File, Format Version 12.00
# Visual Studio Version 17
VisualStudioVersion = 17.5.33530.505
MinimumVisualStudioVersion = 10.0.40219.1
Project("{8BC9CEB8-8B4A-11D0-8D11-00A0C91BC942}") = "sort02", "sort02\sort02.vcxproj", "{171EE274-BE54-4066-93A0-DD47238D159D}"
EndProject
Project("{8BC9CEB8-8B4A-11D0-8D11-00A0C91BC942}") = "sort03", "sort03\sort03.vcxproj", "{44BD8C97-8DF6-46C3-A8EB-94CC4A75E01B}"
EndProject
Project("{8BC9CEB8-8B4A-11D0-8D11-00A0C91BC942}") = "sort01", "sort01\sort01.vcxproj", "{0FEC483F-C7B9-454E-B2DE-DAA2FA68B229}"
EndProject
Project("{8BC9CEB8-8B4A-11D0-8D11-00A0C91BC942}") = "sort04", "sort04\sort04.vcxproj", "{0D8FC699-E15B-40BB-8E77-6F5E237855E6}"
EndProject
Project("{8BC9CEB8-8B4A-11D0-8D11-00A0C91BC942}") = "sort05", "sort05\sort05.vcxproj", "{FF589C0F-D637-4C99-AA09-27D7606A0E6D}"
EndProject
Project("{8BC9CEB8-8B4A-11D0-8D11-00A0C91BC942}") = "sort06", "sort06\sort06.vcxproj", "{0D19D0F5-57F6-4CD8-95FC-87D7E31BA9D1}"
EndProject
Global
	GlobalSection(SolutionConfigurationPlatforms) = preSolution
		Debug|x64 = Debug|x64
		Debug|x86 = Debug|x86
		Release|x64 = Release|x64
		Release|x86 = Release|x86
	EndGlobalSection
	GlobalSection(ProjectConfigurationPlatforms) = postSolution
		{171EE274-BE54-4066-93A0-DD47238D159D}.Debug|x64.ActiveCfg = Debug|x64
		{171EE274-BE54-4066-93A0-DD47238D159D}.Debug|x64.Build.0 = Debug|x64
		{171EE274-BE54-4066-93A0-DD47238D159D}.Debug|x86.ActiveCfg = Debug|Win32
		{171EE274-BE54-4066-93A0-DD47238D159D}.Debug|x86.Build.0 = Debug|Win32
		{171EE274-BE54-4066-93A0-DD47238D159D}.Release|x64.ActiveCfg = Release|x64
		{171EE274-BE54-4066-93A0-DD47238D159D}.Release|x64.Build.0 = Release|x64
		{171EE274-BE54-4066-93A0-DD47238D159D}.Release|x86.ActiveCfg = Release|Win32
		{171EE274-BE54-4066-93A0-DD47238D159D}.Release|x86.Build.0 = Release|Win32
		{44BD8C97-8DF6-46C3-A8EB-94CC4A75E01B}.Debug|x64.ActiveCfg = Debug|x64
		{44BD8C97-8DF6-46C3-A8EB-94CC4A75E01B}.Debug|x64.Build.0 = Debug|x64
		{44BD8C97-8DF6-46C3-A8EB-94CC4A75E01B}.Debug|x86.ActiveCfg = Debug|Win32
		{44BD8C97-8DF6-46C3-A8EB-94CC4A75E01B}.Debug|x86.Build.0 = Debug|Win32
		{44BD8C97-8DF6-46C3-A8EB-94CC4A75E01B}.Release|x64.ActiveCfg = Release|x64
		{44BD8C97-8DF6-46C3-A8EB-94CC4A75E01B}.Release|x64.Build.0 = Release|x64
		{44BD8C97-8DF6-46C3-A8EB-94CC4A75E01B}.Release|x86.ActiveCfg = Release|Win32
		{44BD8C97-8DF6-46C3-A8EB-94CC4A75E01B}.Release|x86.Build.0 = Release|Win32
		{0FEC483F-C7B9-454E-B2DE-DAA2FA68B229}.Debug|x64.ActiveCfg = Debug|x64
		{0FEC483F-C7B9-454E-B2DE-DAA2FA68B229}.Debug|x64.Build.0 = Debug|x64
		{0FEC483F-C7B9-454E-B2DE-DAA2FA68B229}.Debug|x86.ActiveCfg = Debug|Win32
		{0FEC483F-C7B9-454E-B2DE-DAA2FA68B229}.Debug|x86.Build.0 = Debug|Win32
		{0FEC483F-C7B9-454E-B2DE-DAA2FA68B229}.Release|x64.ActiveCfg = Release|x64
		{0FEC483F-C7B9-454E-B2DE-DAA2FA68B229}.Release|x64.Build.0 = Release|x64
		{0FEC483F-C7B9-454E-B2DE-DAA2FA68B229}.Release|x86.ActiveCfg = Release|Win32
		{0FEC483F-C7B9-454E-B2DE-DAA2FA68B229}.Release|x86.Build.0 = Release|Win32
		{0D8FC699-E15B-40BB-8E77-6F5E237855E6}.Debug|x64.ActiveCfg = Debug|x64
		{0D8FC699-E15B-40BB-8E77-6F5E237855E6}.Debug|x64.Build.0 = Debug|x64
		{0D8FC699-E15B-40BB-8E77-6F5E237855E6}.Debug|x86.ActiveCfg = Debug|Win32
		{0D8FC699-E15B-40BB-8E77-6F5E237855E6}.Debug|x86.Build.0 = Debug|Win32
		{0D8FC699-E15B-40BB-8E77-6F5E237855E6}.Release|x64.ActiveCfg = Release|x64
		{0D8FC699-E15B-40BB-8E77-6F5E237855E6}.Release|x64.Build.0 = Release|x64
		{0D8FC699-E15B-40BB-8E77-6F5E237855E6}.Release|x86.ActiveCfg = Release|Win32
		{0D8FC699-E15B-40BB-8E77-6F5E237855E6}.Release|x86.Build.0 = Release|Win32
		{FF589C0F-D637-4C99-AA09-27D7606A0E6D}.Debug|x64.ActiveCfg = Debug|x64
		{FF589C0F-D637-4C99-AA09-27D7606A0E6D}.Debug|x64.Build.0 = Debug|x64
		{FF589C0F-D637-4C99-AA09-27D7606A0E6D}.Debug|x86.ActiveCfg = Debug|Win32
		{FF589C0F-D637-4C99-AA09-27D7606A0E6D}.Debug|x86.Build.0 = Debug|Win32
		{FF589C0F-D637-4C99-AA09-27D7606A0E6D}.Release|x64.ActiveCfg = Release|x64
		{FF589C0F-D637-4C99-AA09-27D7606A0E6D}.Release|x64.Build.0 = Release|x64
		{FF589C0F-D637-4C99-AA09-27D7606A0E6D}.Release|x86.ActiveCfg = Release|Win32
		{FF589C0F-D637-4C99-AA09-27D7606A0E6D}.Release|x86.Build.0 = Release|Win32
		{0D19D0F5-57F6-4CD8-95FC-87D7E31BA9D1}.Debug|x64.ActiveCfg = Debug|x64
		{0D19D0F5-57F6-4CD8-95FC-87D7E31BA9D1}.Debug|x64.Build.0 = Debug|x64
		{0D19D0F5-57F6-4CD8-95FC-87D7E31BA9D1}.Debug|x86.ActiveCfg = Debug|Win32
		{0D19D0F5-57F6-4CD8-95FC-87D7E31BA9D1}.Debug|x86.Build.0 = Debug|Win32
		{0D19D0F5-57F6-4CD8-95FC-87D7E31BA9D1}.Release|x64.ActiveCfg = Release|x64
		{0D19D0F5-57F6-4CD8-95FC-87D7E31BA9D1}.Release|x64.Build.0 = Release|x64
		{0D19D0F5-57F6-4CD8-95FC-87D7E31BA9D1}.Release|x86.ActiveCfg = Release|Win32
		{0D19D0F5-57F6-4CD8-95FC-87D7E31BA9D1}.Release|x86.Build.0 = Release|Win32
	EndGlobalSection
	GlobalSection(SolutionProperties) = preSolution
		HideSolutionNode = FALSE
	EndGlobalSection
	GlobalSection(ExtensibilityGlobals) = postSolution
		SolutionGuid = {571BF5EE-9D13-4BC2-947A-160C3FAC2136}
	EndGlobalSection
EndGlobal
