
Microsoft Visual Studio Solution File, Format Version 12.00
# Visual Studio Version 17
VisualStudioVersion = 17.5.33530.505
MinimumVisualStudioVersion = 10.0.40219.1
Project("{8BC9CEB8-8B4A-11D0-8D11-00A0C91BC942}") = "Tree01", "Tree\Tree.vcxproj", "{E59BE6D5-08F0-40EB-B78D-0B1504C6FFEF}"
EndProject
Project("{8BC9CEB8-8B4A-11D0-8D11-00A0C91BC942}") = "tree02", "tree02\tree02.vcxproj", "{1B248681-4648-49E3-B735-E9356B23D07D}"
EndProject
Global
	GlobalSection(SolutionConfigurationPlatforms) = preSolution
		Debug|x64 = Debug|x64
		Debug|x86 = Debug|x86
		Release|x64 = Release|x64
		Release|x86 = Release|x86
	EndGlobalSection
	GlobalSection(ProjectConfigurationPlatforms) = postSolution
		{E59BE6D5-08F0-40EB-B78D-0B1504C6FFEF}.Debug|x64.ActiveCfg = Debug|x64
		{E59BE6D5-08F0-40EB-B78D-0B1504C6FFEF}.Debug|x64.Build.0 = Debug|x64
		{E59BE6D5-08F0-40EB-B78D-0B1504C6FFEF}.Debug|x86.ActiveCfg = Debug|Win32
		{E59BE6D5-08F0-40EB-B78D-0B1504C6FFEF}.Debug|x86.Build.0 = Debug|Win32
		{E59BE6D5-08F0-40EB-B78D-0B1504C6FFEF}.Release|x64.ActiveCfg = Release|x64
		{E59BE6D5-08F0-40EB-B78D-0B1504C6FFEF}.Release|x64.Build.0 = Release|x64
		{E59BE6D5-08F0-40EB-B78D-0B1504C6FFEF}.Release|x86.ActiveCfg = Release|Win32
		{E59BE6D5-08F0-40EB-B78D-0B1504C6FFEF}.Release|x86.Build.0 = Release|Win32
		{1B248681-4648-49E3-B735-E9356B23D07D}.Debug|x64.ActiveCfg = Debug|x64
		{1B248681-4648-49E3-B735-E9356B23D07D}.Debug|x64.Build.0 = Debug|x64
		{1B248681-4648-49E3-B735-E9356B23D07D}.Debug|x86.ActiveCfg = Debug|Win32
		{1B248681-4648-49E3-B735-E9356B23D07D}.Debug|x86.Build.0 = Debug|Win32
		{1B248681-4648-49E3-B735-E9356B23D07D}.Release|x64.ActiveCfg = Release|x64
		{1B248681-4648-49E3-B735-E9356B23D07D}.Release|x64.Build.0 = Release|x64
		{1B248681-4648-49E3-B735-E9356B23D07D}.Release|x86.ActiveCfg = Release|Win32
		{1B248681-4648-49E3-B735-E9356B23D07D}.Release|x86.Build.0 = Release|Win32
	EndGlobalSection
	GlobalSection(SolutionProperties) = preSolution
		HideSolutionNode = FALSE
	EndGlobalSection
	GlobalSection(ExtensibilityGlobals) = postSolution
		SolutionGuid = {1CBD5B9C-F653-481B-B255-1AC3D7D67427}
	EndGlobalSection
EndGlobal
